
Microsoft Visual Studio Solution File, Format Version 12.00
# Visual Studio Version 16
VisualStudioVersion = 16.0.31410.357
MinimumVisualStudioVersion = 10.0.40219.1
Project("{8BC9CEB8-8B4A-11D0-8D11-00A0C91BC942}") = "NULLTerminatedLines", "NULLTerminatedLines\NULLTerminatedLines.vcxproj", "{83C81885-8CEC-4ABA-8F03-2E395881247E}"
EndProject
Global
	GlobalSection(SolutionConfigurationPlatforms) = preSolution
		Debug|x64 = Debug|x64
		Debug|x86 = Debug|x86
		Release|x64 = Release|x64
		Release|x86 = Release|x86
	EndGlobalSection
	GlobalSection(ProjectConfigurationPlatforms) = postSolution
		{83C81885-8CEC-4ABA-8F03-2E395881247E}.Debug|x64.ActiveCfg = Debug|x64
		{83C81885-8CEC-4ABA-8F03-2E395881247E}.Debug|x64.Build.0 = Debug|x64
		{83C81885-8CEC-4ABA-8F03-2E395881247E}.Debug|x86.ActiveCfg = Debug|Win32
		{83C81885-8CEC-4ABA-8F03-2E395881247E}.Debug|x86.Build.0 = Debug|Win32
		{83C81885-8CEC-4ABA-8F03-2E395881247E}.Release|x64.ActiveCfg = Release|x64
		{83C81885-8CEC-4ABA-8F03-2E395881247E}.Release|x64.Build.0 = Release|x64
		{83C81885-8CEC-4ABA-8F03-2E395881247E}.Release|x86.ActiveCfg = Release|Win32
		{83C81885-8CEC-4ABA-8F03-2E395881247E}.Release|x86.Build.0 = Release|Win32
	EndGlobalSection
	GlobalSection(SolutionProperties) = preSolution
		HideSolutionNode = FALSE
	EndGlobalSection
	GlobalSection(ExtensibilityGlobals) = postSolution
		SolutionGuid = {69EBFBAF-630E-4BAC-9BF6-17B81EEFDFEE}
	EndGlobalSection
EndGlobal
